
Microsoft Visual Studio Solution File, Format Version 12.00
# Visual Studio Version 17
VisualStudioVersion = 17.13.35825.156
MinimumVisualStudioVersion = 10.0.40219.1
Project("{FAE04EC0-301F-11D3-BF4B-00C04F79EFBC}") = "Hotel.PortalWWW", "Hotel.PortalWWW\Hotel.PortalWWW.csproj", "{2E1A8A52-7EFC-4B18-A0C5-9E93A7503B18}"
EndProject
Project("{FAE04EC0-301F-11D3-BF4B-00C04F79EFBC}") = "Hotel.Intranet", "Hotel.Intranet\Hotel.Intranet.csproj", "{F9C4AAD7-7F3C-446C-8393-BD758BC2DBCE}"
EndProject
Project("{FAE04EC0-301F-11D3-BF4B-00C04F79EFBC}") = "Hotel.Data", "Hotel.Data\Hotel.Data.csproj", "{4FC3F30C-698C-4541-962C-FD67D531DDB8}"
EndProject
Project("{FAE04EC0-301F-11D3-BF4B-00C04F79EFBC}") = "Hotel.SharedUI", "Hotel.SharedUI\Hotel.SharedUI.csproj", "{C2CF89F9-BE9A-4292-BB6D-D27C5BC609D0}"
EndProject
Global
	GlobalSection(SolutionConfigurationPlatforms) = preSolution
		Debug|Any CPU = Debug|Any CPU
		Release|Any CPU = Release|Any CPU
	EndGlobalSection
	GlobalSection(ProjectConfigurationPlatforms) = postSolution
		{2E1A8A52-7EFC-4B18-A0C5-9E93A7503B18}.Debug|Any CPU.ActiveCfg = Debug|Any CPU
		{2E1A8A52-7EFC-4B18-A0C5-9E93A7503B18}.Debug|Any CPU.Build.0 = Debug|Any CPU
		{2E1A8A52-7EFC-4B18-A0C5-9E93A7503B18}.Release|Any CPU.ActiveCfg = Release|Any CPU
		{2E1A8A52-7EFC-4B18-A0C5-9E93A7503B18}.Release|Any CPU.Build.0 = Release|Any CPU
		{F9C4AAD7-7F3C-446C-8393-BD758BC2DBCE}.Debug|Any CPU.ActiveCfg = Debug|Any CPU
		{F9C4AAD7-7F3C-446C-8393-BD758BC2DBCE}.Debug|Any CPU.Build.0 = Debug|Any CPU
		{F9C4AAD7-7F3C-446C-8393-BD758BC2DBCE}.Release|Any CPU.ActiveCfg = Release|Any CPU
		{F9C4AAD7-7F3C-446C-8393-BD758BC2DBCE}.Release|Any CPU.Build.0 = Release|Any CPU
		{4FC3F30C-698C-4541-962C-FD67D531DDB8}.Debug|Any CPU.ActiveCfg = Debug|Any CPU
		{4FC3F30C-698C-4541-962C-FD67D531DDB8}.Debug|Any CPU.Build.0 = Debug|Any CPU
		{4FC3F30C-698C-4541-962C-FD67D531DDB8}.Release|Any CPU.ActiveCfg = Release|Any CPU
		{4FC3F30C-698C-4541-962C-FD67D531DDB8}.Release|Any CPU.Build.0 = Release|Any CPU
		{C2CF89F9-BE9A-4292-BB6D-D27C5BC609D0}.Debug|Any CPU.ActiveCfg = Debug|Any CPU
		{C2CF89F9-BE9A-4292-BB6D-D27C5BC609D0}.Debug|Any CPU.Build.0 = Debug|Any CPU
		{C2CF89F9-BE9A-4292-BB6D-D27C5BC609D0}.Release|Any CPU.ActiveCfg = Release|Any CPU
		{C2CF89F9-BE9A-4292-BB6D-D27C5BC609D0}.Release|Any CPU.Build.0 = Release|Any CPU
	EndGlobalSection
	GlobalSection(SolutionProperties) = preSolution
		HideSolutionNode = FALSE
	EndGlobalSection
	GlobalSection(ExtensibilityGlobals) = postSolution
		SolutionGuid = {66DE9958-5C9F-4E6D-8CF8-0226C2F258BF}
	EndGlobalSection
EndGlobal
